
Microsoft Visual Studio Solution File, Format Version 12.00
# Visual Studio Version 17
VisualStudioVersion = 17.10.35122.118
MinimumVisualStudioVersion = 10.0.40219.1
Project("{9A19103F-16F7-4668-BE54-9A1E7A4F7556}") = "API", "API\API.csproj", "{21102887-1168-4912-B627-963284633066}"
EndProject
Project("{9A19103F-16F7-4668-BE54-9A1E7A4F7556}") = "Database", "Database\Database.csproj", "{19CA134B-AB84-44B1-8C60-9F6A1B8B0099}"
EndProject
Project("{9A19103F-16F7-4668-BE54-9A1E7A4F7556}") = "Repository", "Repository\Repository.csproj", "{1E5D7FB4-095E-4514-80CF-579329D2F0B0}"
EndProject
Project("{9A19103F-16F7-4668-BE54-9A1E7A4F7556}") = "Services", "Services\Services.csproj", "{4A539081-3893-4647-9056-B284E0203024}"
EndProject
Project("{9A19103F-16F7-4668-BE54-9A1E7A4F7556}") = "Tests", "Tests\Tests.csproj", "{9840CA98-6275-4487-9F10-EF5F287F1999}"
EndProject
Global
	GlobalSection(SolutionConfigurationPlatforms) = preSolution
		Debug|Any CPU = Debug|Any CPU
		Release|Any CPU = Release|Any CPU
	EndGlobalSection
	GlobalSection(ProjectConfigurationPlatforms) = postSolution
		{21102887-1168-4912-B627-963284633066}.Debug|Any CPU.ActiveCfg = Debug|Any CPU
		{21102887-1168-4912-B627-963284633066}.Debug|Any CPU.Build.0 = Debug|Any CPU
		{21102887-1168-4912-B627-963284633066}.Release|Any CPU.ActiveCfg = Release|Any CPU
		{21102887-1168-4912-B627-963284633066}.Release|Any CPU.Build.0 = Release|Any CPU
		{19CA134B-AB84-44B1-8C60-9F6A1B8B0099}.Debug|Any CPU.ActiveCfg = Debug|Any CPU
		{19CA134B-AB84-44B1-8C60-9F6A1B8B0099}.Debug|Any CPU.Build.0 = Debug|Any CPU
		{19CA134B-AB84-44B1-8C60-9F6A1B8B0099}.Release|Any CPU.ActiveCfg = Release|Any CPU
		{19CA134B-AB84-44B1-8C60-9F6A1B8B0099}.Release|Any CPU.Build.0 = Release|Any CPU
		{1E5D7FB4-095E-4514-80CF-579329D2F0B0}.Debug|Any CPU.ActiveCfg = Debug|Any CPU
		{1E5D7FB4-095E-4514-80CF-579329D2F0B0}.Debug|Any CPU.Build.0 = Debug|Any CPU
		{1E5D7FB4-095E-4514-80CF-579329D2F0B0}.Release|Any CPU.ActiveCfg = Release|Any CPU
		{1E5D7FB4-095E-4514-80CF-579329D2F0B0}.Release|Any CPU.Build.0 = Release|Any CPU
		{4A539081-3893-4647-9056-B284E0203024}.Debug|Any CPU.ActiveCfg = Debug|Any CPU
		{4A539081-3893-4647-9056-B284E0203024}.Debug|Any CPU.Build.0 = Debug|Any CPU
		{4A539081-3893-4647-9056-B284E0203024}.Release|Any CPU.ActiveCfg = Release|Any CPU
		{4A539081-3893-4647-9056-B284E0203024}.Release|Any CPU.Build.0 = Release|Any CPU
		{9840CA98-6275-4487-9F10-EF5F287F1999}.Debug|Any CPU.ActiveCfg = Debug|Any CPU
		{9840CA98-6275-4487-9F10-EF5F287F1999}.Debug|Any CPU.Build.0 = Debug|Any CPU
		{9840CA98-6275-4487-9F10-EF5F287F1999}.Release|Any CPU.ActiveCfg = Release|Any CPU
		{9840CA98-6275-4487-9F10-EF5F287F1999}.Release|Any CPU.Build.0 = Release|Any CPU
	EndGlobalSection
	GlobalSection(SolutionProperties) = preSolution
		HideSolutionNode = FALSE
	EndGlobalSection
	GlobalSection(ExtensibilityGlobals) = postSolution
		SolutionGuid = {3A83AA3E-A2DE-4C93-BD7A-01F88E0BCEFD}
	EndGlobalSection
EndGlobal
